{
	"requires": true,
	"lockfileVersion": 1,
	"dependencies": {
		"object-assign": {
			"version": "4.1.1",
			"resolved": "https://registry.npmjs.org/object-assign/-/object-assign-4.1.1.tgz",
			"integrity": "sha1-IQmtx5ZYh8/AXLvUQsrIv7s2CGM="
		},
		"unist-builder": {
			"version": "1.0.2",
			"resolved": "https://registry.npmjs.org/unist-builder/-/unist-builder-1.0.2.tgz",
			"integrity": "sha1-jDuZA+9kvPsRfdfPal2Y/Bs7J7Y=",
			"requires": {
				"object-assign": "4.1.1"
			}
		},
		"unist-util-assert": {
			"version": "1.0.2",
			"resolved": "https://registry.npmjs.org/unist-util-assert/-/unist-util-assert-1.0.2.tgz",
			"integrity": "sha512-HbAeG1smDbSirJySgqZ7nbKdygmuL0s/1MMPXaHrChWMKueYuRHfk5R8EmlDV0vPfP8uLwazrvpu0ZkVYZD/xg==",
			"requires": {
				"x-is-array": "0.1.0",
				"x-is-object": "0.1.0"
			}
		},
		"x-is-array": {
			"version": "0.1.0",
			"resolved": "https://registry.npmjs.org/x-is-array/-/x-is-array-0.1.0.tgz",
			"integrity": "sha1-3lIBcdR7P0FvVYfWKbidJrEtwp0="
		},
		"x-is-object": {
			"version": "0.1.0",
			"resolved": "https://registry.npmjs.org/x-is-object/-/x-is-object-0.1.0.tgz",
			"integrity": "sha1-j5SW0Wht9IcVYJbnbKmUTvwVv+w="
		}
	}
}
