{
	"name": "@enkidevs/curriculum-compiler-react",
	"version": "4.0.0",
	"lockfileVersion": 1,
	"requires": true,
	"dependencies": {
		"@types/mdast": {
			"version": "3.0.3",
			"resolved": "https://registry.npmjs.org/@types/mdast/-/mdast-3.0.3.tgz",
			"integrity": "sha512-SXPBMnFVQg1s00dlMCc/jCdvPqdE4mXaMMCeRlxLDmTAEoegHT53xKtkDnzDTOcmMHUfcjyf36/YYZ6SxRdnsw==",
			"requires": {
				"@types/unist": "*"
			}
		},
		"@types/unist": {
			"version": "2.0.3",
			"resolved": "https://registry.npmjs.org/@types/unist/-/unist-2.0.3.tgz",
			"integrity": "sha512-FvUupuM3rlRsRtCN+fDudtmytGO6iHJuuRKS1Ss0pG5z8oX0diNEw94UEL7hgDbpN94rgaK5R7sWm6RrSkZuAQ=="
		},
		"bail": {
			"version": "1.0.4",
			"resolved": "https://registry.npmjs.org/bail/-/bail-1.0.4.tgz",
			"integrity": "sha512-S8vuDB4w6YpRhICUDET3guPlQpaJl7od94tpZ0Fvnyp+MKW/HyDTcRDck+29C9g+d/qQHnddRH3+94kZdrW0Ww=="
		},
		"collapse-white-space": {
			"version": "1.0.4",
			"resolved": "https://registry.npmjs.org/collapse-white-space/-/collapse-white-space-1.0.4.tgz",
			"integrity": "sha512-YfQ1tAUZm561vpYD+5eyWN8+UsceQbSrqqlc/6zDY2gtAE+uZLSdkkovhnGpmCThsvKBFakq4EdY/FF93E8XIw=="
		},
		"comma-separated-tokens": {
			"version": "1.0.7",
			"resolved": "https://registry.npmjs.org/comma-separated-tokens/-/comma-separated-tokens-1.0.7.tgz",
			"integrity": "sha512-Jrx3xsP4pPv4AwJUDWY9wOXGtwPXARej6Xd99h4TUGotmf8APuquKMpK+dnD3UgyxK7OEWaisjZz+3b5jtL6xQ=="
		},
		"detab": {
			"version": "2.0.1",
			"resolved": "https://registry.npmjs.org/detab/-/detab-2.0.1.tgz",
			"integrity": "sha512-/hhdqdQc5thGrqzjyO/pz76lDZ5GSuAs6goxOaKTsvPk7HNnzAyFN5lyHgqpX4/s1i66K8qMGj+VhA9504x7DQ==",
			"requires": {
				"repeat-string": "^1.5.4"
			}
		},
		"extend": {
			"version": "3.0.2",
			"resolved": "https://registry.npmjs.org/extend/-/extend-3.0.2.tgz",
			"integrity": "sha512-fjquC59cD7CyW6urNXK0FBufkZcoiGG80wTuPujX590cB5Ttln20E2UB4S/WARVqhXffZl2LNgS+gQdPIIim/g=="
		},
		"hast-to-hyperscript": {
			"version": "7.0.3",
			"resolved": "https://registry.npmjs.org/hast-to-hyperscript/-/hast-to-hyperscript-7.0.3.tgz",
			"integrity": "sha512-h4t0U8KIImkFCXswj0IzRhPgps6GpLxyjSPfI4ECF+bE13sHu1fY/UP8tvJmfLNa6blQctiyba4pUsvm3WrXMg==",
			"requires": {
				"comma-separated-tokens": "^1.0.0",
				"property-information": "^5.3.0",
				"space-separated-tokens": "^1.0.0",
				"style-to-object": "^0.2.1",
				"unist-util-is": "^3.0.0",
				"web-namespaces": "^1.1.2"
			},
			"dependencies": {
				"unist-util-is": {
					"version": "3.0.0",
					"resolved": "https://registry.npmjs.org/unist-util-is/-/unist-util-is-3.0.0.tgz",
					"integrity": "sha512-sVZZX3+kspVNmLWBPAB6r+7D9ZgAFPNWm66f7YNb420RlQSbn+n8rG8dGZSkrER7ZIXGQYNm5pqC3v3HopH24A=="
				}
			}
		},
		"inline-style-parser": {
			"version": "0.1.1",
			"resolved": "https://registry.npmjs.org/inline-style-parser/-/inline-style-parser-0.1.1.tgz",
			"integrity": "sha512-7NXolsK4CAS5+xvdj5OMMbI962hU/wvwoxk+LWR9Ek9bVtyuuYScDN6eS0rUm6TxApFpw7CX1o4uJzcd4AyD3Q=="
		},
		"is-buffer": {
			"version": "2.0.4",
			"resolved": "https://registry.npmjs.org/is-buffer/-/is-buffer-2.0.4.tgz",
			"integrity": "sha512-Kq1rokWXOPXWuaMAqZiJW4XxsmD9zGx9q4aePabbn3qCRGedtH7Cm+zV8WETitMfu1wdh+Rvd6w5egwSngUX2A=="
		},
		"is-plain-obj": {
			"version": "2.0.0",
			"resolved": "https://registry.npmjs.org/is-plain-obj/-/is-plain-obj-2.0.0.tgz",
			"integrity": "sha512-EYisGhpgSCwspmIuRHGjROWTon2Xp8Z7U03Wubk/bTL5TTRC5R1rGVgyjzBrk9+ULdH6cRD06KRcw/xfqhVYKQ=="
		},
		"js-tokens": {
			"version": "4.0.0",
			"resolved": "https://registry.npmjs.org/js-tokens/-/js-tokens-4.0.0.tgz",
			"integrity": "sha512-RdJUflcE3cUzKiMqQgsCu06FPu9UdIJO0beYbPhHN4k6apgJtifcoCtT9bcxOpYBtpD2kCM6Sbzg4CausW/PKQ=="
		},
		"loose-envify": {
			"version": "1.4.0",
			"resolved": "https://registry.npmjs.org/loose-envify/-/loose-envify-1.4.0.tgz",
			"integrity": "sha512-lyuxPGr/Wfhrlem2CL/UcnUc1zcqKAImBDzukY7Y5F/yQiNdko6+fRLevlw1HgMySw7f611UIY408EtxRSoK3Q==",
			"requires": {
				"js-tokens": "^3.0.0 || ^4.0.0"
			}
		},
		"mdast-util-definitions": {
			"version": "1.2.3",
			"resolved": "https://registry.npmjs.org/mdast-util-definitions/-/mdast-util-definitions-1.2.3.tgz",
			"integrity": "sha512-P6wpRO8YVQ1iv30maMc93NLh7COvufglBE8/ldcOyYmk5EbfF0YeqlLgtqP/FOBU501Kqar1x5wYWwB3Nga74g==",
			"requires": {
				"unist-util-visit": "^1.0.0"
			}
		},
		"mdast-util-to-hast": {
			"version": "6.0.2",
			"resolved": "https://registry.npmjs.org/mdast-util-to-hast/-/mdast-util-to-hast-6.0.2.tgz",
			"integrity": "sha512-GjcOimC9qHI0yNFAQdBesrZXzUkRdFleQlcoU8+TVNfDW6oLUazUx8MgUoTaUyCJzBOnE5AOgqhpURrSlf0QwQ==",
			"requires": {
				"collapse-white-space": "^1.0.0",
				"detab": "^2.0.0",
				"mdast-util-definitions": "^1.2.0",
				"mdurl": "^1.0.1",
				"trim": "0.0.1",
				"trim-lines": "^1.0.0",
				"unist-builder": "^1.0.1",
				"unist-util-generated": "^1.1.0",
				"unist-util-position": "^3.0.0",
				"unist-util-visit": "^1.1.0",
				"xtend": "^4.0.1"
			},
			"dependencies": {
				"unist-builder": {
					"version": "1.0.4",
					"resolved": "https://registry.npmjs.org/unist-builder/-/unist-builder-1.0.4.tgz",
					"integrity": "sha512-v6xbUPP7ILrT15fHGrNyHc1Xda8H3xVhP7/HAIotHOhVPjH5dCXA097C3Rry1Q2O+HbOLCao4hfPB+EYEjHgVg==",
					"requires": {
						"object-assign": "^4.1.0"
					}
				}
			}
		},
		"mdurl": {
			"version": "1.0.1",
			"resolved": "https://registry.npmjs.org/mdurl/-/mdurl-1.0.1.tgz",
			"integrity": "sha1-/oWy7HWlkDfyrf7BAP1sYBdhFS4="
		},
		"object-assign": {
			"version": "4.1.1",
			"resolved": "https://registry.npmjs.org/object-assign/-/object-assign-4.1.1.tgz",
			"integrity": "sha1-IQmtx5ZYh8/AXLvUQsrIv7s2CGM="
		},
		"prop-types": {
			"version": "15.7.2",
			"resolved": "https://registry.npmjs.org/prop-types/-/prop-types-15.7.2.tgz",
			"integrity": "sha512-8QQikdH7//R2vurIJSutZ1smHYTcLpRWEOlHnzcWHmBYrOGUysKwSsrC89BCiFj3CbrfJ/nXFdJepOVrY1GCHQ==",
			"requires": {
				"loose-envify": "^1.4.0",
				"object-assign": "^4.1.1",
				"react-is": "^16.8.1"
			}
		},
		"property-information": {
			"version": "5.3.0",
			"resolved": "https://registry.npmjs.org/property-information/-/property-information-5.3.0.tgz",
			"integrity": "sha512-IslotQn1hBCZDY7SaJ3zmCjVea219VTwmOk6Pu3z9haU9m4+T8GwaDubur+6NMHEU+Fjs/6/p66z6QULPkcL1w==",
			"requires": {
				"xtend": "^4.0.1"
			}
		},
		"react": {
			"version": "16.11.0",
			"resolved": "https://registry.npmjs.org/react/-/react-16.11.0.tgz",
			"integrity": "sha512-M5Y8yITaLmU0ynd0r1Yvfq98Rmll6q8AxaEe88c8e7LxO8fZ2cNgmFt0aGAS9wzf1Ao32NKXtCl+/tVVtkxq6g==",
			"requires": {
				"loose-envify": "^1.1.0",
				"object-assign": "^4.1.1",
				"prop-types": "^15.6.2"
			}
		},
		"react-is": {
			"version": "16.11.0",
			"resolved": "https://registry.npmjs.org/react-is/-/react-is-16.11.0.tgz",
			"integrity": "sha512-gbBVYR2p8mnriqAwWx9LbuUrShnAuSCNnuPGyc7GJrMVQtPDAh8iLpv7FRuMPFb56KkaVZIYSz1PrjI9q0QPCw=="
		},
		"remark-rehype": {
			"version": "5.0.0",
			"resolved": "https://registry.npmjs.org/remark-rehype/-/remark-rehype-5.0.0.tgz",
			"integrity": "sha512-tgo+AeOotuh9FnGMkEPbE6C3OfdARqqSxT0H/KNGAiTwJLiDoRSm6x/ytqPZTyYSiQ/exbi/kx7k6uUvqYL1wQ==",
			"requires": {
				"mdast-util-to-hast": "^6.0.0"
			},
			"dependencies": {
				"mdast-util-to-hast": {
					"version": "6.0.2",
					"resolved": "https://registry.npmjs.org/mdast-util-to-hast/-/mdast-util-to-hast-6.0.2.tgz",
					"integrity": "sha512-GjcOimC9qHI0yNFAQdBesrZXzUkRdFleQlcoU8+TVNfDW6oLUazUx8MgUoTaUyCJzBOnE5AOgqhpURrSlf0QwQ==",
					"requires": {
						"collapse-white-space": "^1.0.0",
						"detab": "^2.0.0",
						"mdast-util-definitions": "^1.2.0",
						"mdurl": "^1.0.1",
						"trim": "0.0.1",
						"trim-lines": "^1.0.0",
						"unist-builder": "^1.0.1",
						"unist-util-generated": "^1.1.0",
						"unist-util-position": "^3.0.0",
						"unist-util-visit": "^1.1.0",
						"xtend": "^4.0.1"
					},
					"dependencies": {
						"unist-builder": {
							"version": "1.0.4",
							"resolved": "https://registry.npmjs.org/unist-builder/-/unist-builder-1.0.4.tgz",
							"integrity": "sha512-v6xbUPP7ILrT15fHGrNyHc1Xda8H3xVhP7/HAIotHOhVPjH5dCXA097C3Rry1Q2O+HbOLCao4hfPB+EYEjHgVg==",
							"requires": {
								"object-assign": "^4.1.0"
							}
						}
					}
				}
			}
		},
		"repeat-string": {
			"version": "1.6.1",
			"resolved": "https://registry.npmjs.org/repeat-string/-/repeat-string-1.6.1.tgz",
			"integrity": "sha1-jcrkcOHIirwtYA//Sndihtp15jc="
		},
		"replace-ext": {
			"version": "1.0.0",
			"resolved": "https://registry.npmjs.org/replace-ext/-/replace-ext-1.0.0.tgz",
			"integrity": "sha1-3mMSg3P8v3w8z6TeWkgMRaZ5WOs="
		},
		"space-separated-tokens": {
			"version": "1.1.4",
			"resolved": "https://registry.npmjs.org/space-separated-tokens/-/space-separated-tokens-1.1.4.tgz",
			"integrity": "sha512-UyhMSmeIqZrQn2UdjYpxEkwY9JUrn8pP+7L4f91zRzOQuI8MF1FGLfYU9DKCYeLdo7LXMxwrX5zKFy7eeeVHuA=="
		},
		"style-to-object": {
			"version": "0.2.3",
			"resolved": "https://registry.npmjs.org/style-to-object/-/style-to-object-0.2.3.tgz",
			"integrity": "sha512-1d/k4EY2N7jVLOqf2j04dTc37TPOv/hHxZmvpg8Pdh8UYydxeu/C1W1U4vD8alzf5V2Gt7rLsmkr4dxAlDm9ng==",
			"requires": {
				"inline-style-parser": "0.1.1"
			}
		},
		"trim": {
			"version": "0.0.1",
			"resolved": "https://registry.npmjs.org/trim/-/trim-0.0.1.tgz",
			"integrity": "sha1-WFhUf2spB1fulczMZm+1AITEYN0="
		},
		"trim-lines": {
			"version": "1.1.1",
			"resolved": "https://registry.npmjs.org/trim-lines/-/trim-lines-1.1.1.tgz",
			"integrity": "sha512-X+eloHbgJGxczUk1WSjIvn7aC9oN3jVE3rQfRVKcgpavi3jxtCn0VVKtjOBj64Yop96UYn/ujJRpTbCdAF1vyg=="
		},
		"trough": {
			"version": "1.0.4",
			"resolved": "https://registry.npmjs.org/trough/-/trough-1.0.4.tgz",
			"integrity": "sha512-tdzBRDGWcI1OpPVmChbdSKhvSVurznZ8X36AYURAcl+0o2ldlCY2XPzyXNNxwJwwyIU+rIglTCG4kxtNKBQH7Q=="
		},
		"unified": {
			"version": "8.4.1",
			"resolved": "https://registry.npmjs.org/unified/-/unified-8.4.1.tgz",
			"integrity": "sha512-YPj/uIIZSO7mMIZQj/5Z3hDl4lshWYRQGs5TgUCjHTVdklUWH+O94mK5Cy77SEcmEUwGhnUcudMuH/zIwporqw==",
			"requires": {
				"bail": "^1.0.0",
				"extend": "^3.0.0",
				"is-plain-obj": "^2.0.0",
				"trough": "^1.0.0",
				"vfile": "^4.0.0"
			}
		},
		"unist-builder": {
			"version": "2.0.2",
			"resolved": "https://registry.npmjs.org/unist-builder/-/unist-builder-2.0.2.tgz",
			"integrity": "sha512-I4TpMKqInirL3CG23f1bZyGE/UJecAYHcv586XMLqIkC0iUkI1hi+WZENoaKwdguC0O8nDaYRhHtWjuSjN4HDw=="
		},
		"unist-util-generated": {
			"version": "1.1.3",
			"resolved": "https://registry.npmjs.org/unist-util-generated/-/unist-util-generated-1.1.3.tgz",
			"integrity": "sha512-qlPeDqnQnd84KIqwphzOR+l02cxjDzvEYEBl84EjmKRrX4eUmjyAo8xJv1SCDhJqNjyHRnBMZWNKAiBtXE6hBg=="
		},
		"unist-util-is": {
			"version": "2.1.2",
			"resolved": "https://registry.npmjs.org/unist-util-is/-/unist-util-is-2.1.2.tgz",
			"integrity": "sha512-YkXBK/H9raAmG7KXck+UUpnKiNmUdB+aBGrknfQ4EreE1banuzrKABx3jP6Z5Z3fMSPMQQmeXBlKpCbMwBkxVw=="
		},
		"unist-util-map": {
			"version": "2.0.0",
			"resolved": "https://registry.npmjs.org/unist-util-map/-/unist-util-map-2.0.0.tgz",
			"integrity": "sha512-4jMOrvQXRMM2LMJbrciKFdzaIpKR9s037hk4FX3zpts2MmkwaEX3nt1fT/8OX8Nu3RJPzLpgDNPgZ1ucuVkUjw==",
			"requires": {
				"@types/mdast": "^3.0.3",
				"object-assign": "^4.0.1"
			}
		},
		"unist-util-position": {
			"version": "3.0.2",
			"resolved": "https://registry.npmjs.org/unist-util-position/-/unist-util-position-3.0.2.tgz",
			"integrity": "sha512-npmFu92l/+b1Ao6uGP4I1WFz9hsKv7qleZ4aliw6x0RVu6A9A3tAf57NMpFfzQ02jxRtJZuRn+C8xWT7GWnH0g=="
		},
		"unist-util-stringify-position": {
			"version": "2.0.1",
			"resolved": "https://registry.npmjs.org/unist-util-stringify-position/-/unist-util-stringify-position-2.0.1.tgz",
			"integrity": "sha512-Zqlf6+FRI39Bah8Q6ZnNGrEHUhwJOkHde2MHVk96lLyftfJJckaPslKgzhVcviXj8KcE9UJM9F+a4JEiBUTYgA==",
			"requires": {
				"@types/unist": "^2.0.2"
			}
		},
		"unist-util-visit": {
			"version": "1.4.0",
			"resolved": "https://registry.npmjs.org/unist-util-visit/-/unist-util-visit-1.4.0.tgz",
			"integrity": "sha512-FiGu34ziNsZA3ZUteZxSFaczIjGmksfSgdKqBfOejrrfzyUy5b7YrlzT1Bcvi+djkYDituJDy2XB7tGTeBieKw==",
			"requires": {
				"unist-util-visit-parents": "^2.0.0"
			}
		},
		"unist-util-visit-parents": {
			"version": "2.0.1",
			"resolved": "https://registry.npmjs.org/unist-util-visit-parents/-/unist-util-visit-parents-2.0.1.tgz",
			"integrity": "sha512-6B0UTiMfdWql4cQ03gDTCSns+64Zkfo2OCbK31Ov0uMizEz+CJeAp0cgZVb5Fhmcd7Bct2iRNywejT0orpbqUA==",
			"requires": {
				"unist-util-is": "^2.1.2"
			}
		},
		"vfile": {
			"version": "4.0.1",
			"resolved": "https://registry.npmjs.org/vfile/-/vfile-4.0.1.tgz",
			"integrity": "sha512-lRHFCuC4SQBFr7Uq91oJDJxlnftoTLQ7eKIpMdubhYcVMho4781a8MWXLy3qZrZ0/STD1kRiKc0cQOHm4OkPeA==",
			"requires": {
				"@types/unist": "^2.0.0",
				"is-buffer": "^2.0.0",
				"replace-ext": "1.0.0",
				"unist-util-stringify-position": "^2.0.0",
				"vfile-message": "^2.0.0"
			}
		},
		"vfile-message": {
			"version": "2.0.1",
			"resolved": "https://registry.npmjs.org/vfile-message/-/vfile-message-2.0.1.tgz",
			"integrity": "sha512-KtasSV+uVU7RWhUn4Lw+wW1Zl/nW8JWx7JCPps10Y9JRRIDeDXf8wfBLoOSsJLyo27DqMyAi54C6Jf/d6Kr2Bw==",
			"requires": {
				"@types/unist": "^2.0.2",
				"unist-util-stringify-position": "^2.0.0"
			}
		},
		"web-namespaces": {
			"version": "1.1.3",
			"resolved": "https://registry.npmjs.org/web-namespaces/-/web-namespaces-1.1.3.tgz",
			"integrity": "sha512-r8sAtNmgR0WKOKOxzuSgk09JsHlpKlB+uHi937qypOu3PZ17UxPrierFKDye/uNHjNTTEshu5PId8rojIPj/tA=="
		},
		"xtend": {
			"version": "4.0.1",
			"resolved": "https://registry.npmjs.org/xtend/-/xtend-4.0.1.tgz",
			"integrity": "sha1-pcbVMr5lbiPbgg77lDofBJmNY68="
		}
	}
}
