{
	"requires": true,
	"lockfileVersion": 1,
	"dependencies": {
		"asap": {
			"version": "2.0.6",
			"resolved": "https://registry.npmjs.org/asap/-/asap-2.0.6.tgz",
			"integrity": "sha1-5QNHYR1+aQlDIIu9r+vLwvuGbUY="
		},
		"bail": {
			"version": "1.0.3",
			"resolved": "https://registry.npmjs.org/bail/-/bail-1.0.3.tgz",
			"integrity": "sha512-1X8CnjFVQ+a+KW36uBNMTU5s8+v5FzeqrP7hTG5aTb4aPreSbZJlhwPon9VKMuEVgV++JM+SQrALY3kr7eswdg=="
		},
		"collapse-white-space": {
			"version": "1.0.4",
			"resolved": "https://registry.npmjs.org/collapse-white-space/-/collapse-white-space-1.0.4.tgz",
			"integrity": "sha512-YfQ1tAUZm561vpYD+5eyWN8+UsceQbSrqqlc/6zDY2gtAE+uZLSdkkovhnGpmCThsvKBFakq4EdY/FF93E8XIw=="
		},
		"comma-separated-tokens": {
			"version": "1.0.5",
			"resolved": "https://registry.npmjs.org/comma-separated-tokens/-/comma-separated-tokens-1.0.5.tgz",
			"integrity": "sha512-Cg90/fcK93n0ecgYTAz1jaA3zvnQ0ExlmKY1rdbyHqAx6BHxwoJc+J7HDu0iuQ7ixEs1qaa+WyQ6oeuBpYP1iA==",
			"requires": {
				"trim": "0.0.1"
			}
		},
		"core-js": {
			"version": "1.2.7",
			"resolved": "https://registry.npmjs.org/core-js/-/core-js-1.2.7.tgz",
			"integrity": "sha1-ZSKUwUZR2yj6k70tX/KYOk8IxjY="
		},
		"define-properties": {
			"version": "1.1.2",
			"resolved": "https://registry.npmjs.org/define-properties/-/define-properties-1.1.2.tgz",
			"integrity": "sha1-g6c/L+pWmJj7c3GTyPhzyvbUXJQ=",
			"requires": {
				"foreach": "^2.0.5",
				"object-keys": "^1.0.8"
			}
		},
		"detab": {
			"version": "2.0.1",
			"resolved": "https://registry.npmjs.org/detab/-/detab-2.0.1.tgz",
			"integrity": "sha512-/hhdqdQc5thGrqzjyO/pz76lDZ5GSuAs6goxOaKTsvPk7HNnzAyFN5lyHgqpX4/s1i66K8qMGj+VhA9504x7DQ==",
			"requires": {
				"repeat-string": "^1.5.4"
			}
		},
		"encoding": {
			"version": "0.1.12",
			"resolved": "https://registry.npmjs.org/encoding/-/encoding-0.1.12.tgz",
			"integrity": "sha1-U4tm8+5izRq1HsMjgp0flIDHS+s=",
			"requires": {
				"iconv-lite": "~0.4.13"
			}
		},
		"extend": {
			"version": "3.0.1",
			"resolved": "https://registry.npmjs.org/extend/-/extend-3.0.1.tgz",
			"integrity": "sha1-p1Xqe8Gt/MWjHOfnYtuq3F5jZEQ="
		},
		"fbjs": {
			"version": "0.8.16",
			"resolved": "https://registry.npmjs.org/fbjs/-/fbjs-0.8.16.tgz",
			"integrity": "sha1-XmdDL1UNxBtXK/VYR7ispk5TN9s=",
			"requires": {
				"core-js": "^1.0.0",
				"isomorphic-fetch": "^2.1.1",
				"loose-envify": "^1.0.0",
				"object-assign": "^4.1.0",
				"promise": "^7.1.1",
				"setimmediate": "^1.0.5",
				"ua-parser-js": "^0.7.9"
			}
		},
		"flatmap": {
			"version": "0.0.3",
			"resolved": "https://registry.npmjs.org/flatmap/-/flatmap-0.0.3.tgz",
			"integrity": "sha1-Hxik2TgVLUlZZfnJWNkjqy3WabQ="
		},
		"foreach": {
			"version": "2.0.5",
			"resolved": "https://registry.npmjs.org/foreach/-/foreach-2.0.5.tgz",
			"integrity": "sha1-C+4AUBiusmDQo6865ljdATbsG5k="
		},
		"hast-to-hyperscript": {
			"version": "4.0.0",
			"resolved": "https://registry.npmjs.org/hast-to-hyperscript/-/hast-to-hyperscript-4.0.0.tgz",
			"integrity": "sha512-4kOn4ihjDJTQg7B53ZcZ6NyExtTeG3hLNZv6rSKhq4haQvD52zCllE+49iLiC1VWuc4DbHmt96FHPGlHbslZqQ==",
			"requires": {
				"comma-separated-tokens": "^1.0.0",
				"is-nan": "^1.2.1",
				"kebab-case": "^1.0.0",
				"property-information": "^3.0.0",
				"space-separated-tokens": "^1.0.0",
				"trim": "0.0.1",
				"unist-util-is": "^2.0.0"
			}
		},
		"iconv-lite": {
			"version": "0.4.23",
			"resolved": "https://registry.npmjs.org/iconv-lite/-/iconv-lite-0.4.23.tgz",
			"integrity": "sha512-neyTUVFtahjf0mB3dZT77u+8O0QB89jFdnBkd5P1JgYPbPaia3gXXOVL2fq8VyU2gMMD7SaN7QukTB/pmXYvDA==",
			"requires": {
				"safer-buffer": ">= 2.1.2 < 3"
			}
		},
		"is-buffer": {
			"version": "1.1.6",
			"resolved": "https://registry.npmjs.org/is-buffer/-/is-buffer-1.1.6.tgz",
			"integrity": "sha512-NcdALwpXkTm5Zvvbk7owOUSvVvBKDgKP5/ewfXEznmQFfs4ZRmanOeKBTjRVjka3QFoN6XJ+9F3USqfHqTaU5w=="
		},
		"is-nan": {
			"version": "1.2.1",
			"resolved": "https://registry.npmjs.org/is-nan/-/is-nan-1.2.1.tgz",
			"integrity": "sha1-n69ltvttskt/XAYoR16nH5iEAeI=",
			"requires": {
				"define-properties": "^1.1.1"
			}
		},
		"is-plain-obj": {
			"version": "1.1.0",
			"resolved": "https://registry.npmjs.org/is-plain-obj/-/is-plain-obj-1.1.0.tgz",
			"integrity": "sha1-caUMhCnfync8kqOQpKA7OfzVHT4="
		},
		"is-stream": {
			"version": "1.1.0",
			"resolved": "https://registry.npmjs.org/is-stream/-/is-stream-1.1.0.tgz",
			"integrity": "sha1-EtSj3U5o4Lec6428hBc66A2RykQ="
		},
		"isomorphic-fetch": {
			"version": "2.2.1",
			"resolved": "https://registry.npmjs.org/isomorphic-fetch/-/isomorphic-fetch-2.2.1.tgz",
			"integrity": "sha1-YRrhrPFPXoH3KVB0coGf6XM1WKk=",
			"requires": {
				"node-fetch": "^1.0.1",
				"whatwg-fetch": ">=0.10.0"
			}
		},
		"js-tokens": {
			"version": "3.0.2",
			"resolved": "https://registry.npmjs.org/js-tokens/-/js-tokens-3.0.2.tgz",
			"integrity": "sha1-mGbfOVECEw449/mWvOtlRDIJwls="
		},
		"kebab-case": {
			"version": "1.0.0",
			"resolved": "https://registry.npmjs.org/kebab-case/-/kebab-case-1.0.0.tgz",
			"integrity": "sha1-P55JkK3K0MaGwOcB92RYaPdfkes="
		},
		"lodash.identity": {
			"version": "3.0.0",
			"resolved": "https://registry.npmjs.org/lodash.identity/-/lodash.identity-3.0.0.tgz",
			"integrity": "sha1-rXvGpOZH15yXLhuA/u968VYmeHY="
		},
		"loose-envify": {
			"version": "1.3.1",
			"resolved": "https://registry.npmjs.org/loose-envify/-/loose-envify-1.3.1.tgz",
			"integrity": "sha1-0aitM/qc4OcT1l/dCsi3SNR4yEg=",
			"requires": {
				"js-tokens": "^3.0.0"
			}
		},
		"mdast-util-definitions": {
			"version": "1.2.2",
			"resolved": "https://registry.npmjs.org/mdast-util-definitions/-/mdast-util-definitions-1.2.2.tgz",
			"integrity": "sha512-9NloPSwaB9f1PKcGqaScfqRf6zKOEjTIXVIbPOmgWI/JKxznlgVXC5C+8qgl3AjYg2vJBRgLYfLICaNiac89iA==",
			"requires": {
				"unist-util-visit": "^1.0.0"
			}
		},
		"mdast-util-to-hast": {
			"version": "3.0.1",
			"resolved": "https://registry.npmjs.org/mdast-util-to-hast/-/mdast-util-to-hast-3.0.1.tgz",
			"integrity": "sha512-+eimV/12kdg0/T0EEfcK7IsDbSu2auVm92z5jdSEQ3DHF2HiU4OHmX9ir5wpQajr73nwabdxrUoxREvW2zVFFw==",
			"requires": {
				"collapse-white-space": "^1.0.0",
				"detab": "^2.0.0",
				"mdast-util-definitions": "^1.2.0",
				"mdurl": "^1.0.1",
				"trim": "0.0.1",
				"trim-lines": "^1.0.0",
				"unist-builder": "^1.0.1",
				"unist-util-generated": "^1.1.0",
				"unist-util-position": "^3.0.0",
				"unist-util-visit": "^1.1.0",
				"xtend": "^4.0.1"
			}
		},
		"mdurl": {
			"version": "1.0.1",
			"resolved": "https://registry.npmjs.org/mdurl/-/mdurl-1.0.1.tgz",
			"integrity": "sha1-/oWy7HWlkDfyrf7BAP1sYBdhFS4="
		},
		"node-fetch": {
			"version": "1.7.3",
			"resolved": "https://registry.npmjs.org/node-fetch/-/node-fetch-1.7.3.tgz",
			"integrity": "sha512-NhZ4CsKx7cYm2vSrBAr2PvFOe6sWDf0UYLRqA6svUYg7+/TSfVAu49jYC4BvQ4Sms9SZgdqGBgroqfDhJdTyKQ==",
			"requires": {
				"encoding": "^0.1.11",
				"is-stream": "^1.0.1"
			}
		},
		"object-assign": {
			"version": "4.1.1",
			"resolved": "https://registry.npmjs.org/object-assign/-/object-assign-4.1.1.tgz",
			"integrity": "sha1-IQmtx5ZYh8/AXLvUQsrIv7s2CGM="
		},
		"object-keys": {
			"version": "1.0.11",
			"resolved": "https://registry.npmjs.org/object-keys/-/object-keys-1.0.11.tgz",
			"integrity": "sha1-xUYBd4rVYPEULODgG8yotW0TQm0="
		},
		"promise": {
			"version": "7.3.1",
			"resolved": "https://registry.npmjs.org/promise/-/promise-7.3.1.tgz",
			"integrity": "sha512-nolQXZ/4L+bP/UGlkfaIujX9BKxGwmQ9OT4mOt5yvy8iK1h3wqTEJCijzGANTCCl9nWjY41juyAn2K3Q1hLLTg==",
			"requires": {
				"asap": "~2.0.3"
			}
		},
		"prop-types": {
			"version": "15.6.1",
			"resolved": "https://registry.npmjs.org/prop-types/-/prop-types-15.6.1.tgz",
			"integrity": "sha512-4ec7bY1Y66LymSUOH/zARVYObB23AT2h8cf6e/O6ZALB/N0sqZFEx7rq6EYPX2MkOdKORuooI/H5k9TlR4q7kQ==",
			"requires": {
				"fbjs": "^0.8.16",
				"loose-envify": "^1.3.1",
				"object-assign": "^4.1.1"
			}
		},
		"property-information": {
			"version": "3.2.0",
			"resolved": "https://registry.npmjs.org/property-information/-/property-information-3.2.0.tgz",
			"integrity": "sha1-/RSDyPusYYCPX+NZ52k6H0ilgzE="
		},
		"react": {
			"version": "16.4.0",
			"resolved": "https://registry.npmjs.org/react/-/react-16.4.0.tgz",
			"integrity": "sha512-K0UrkLXSAekf5nJu89obKUM7o2vc6MMN9LYoKnCa+c+8MJRAT120xzPLENcWSRc7GYKIg0LlgJRDorrufdglQQ==",
			"requires": {
				"fbjs": "^0.8.16",
				"loose-envify": "^1.1.0",
				"object-assign": "^4.1.1",
				"prop-types": "^15.6.0"
			}
		},
		"remark-rehype": {
			"version": "3.0.0",
			"resolved": "https://registry.npmjs.org/remark-rehype/-/remark-rehype-3.0.0.tgz",
			"integrity": "sha512-WUinfb6vi34f4VYs2XS4HvuYNd0tCu68HOlG4aMp1dfFyVuVfL3aiL9WPw+Q6W99xTTHyxwr7BGO94jF0psoEA==",
			"requires": {
				"mdast-util-to-hast": "^3.0.0"
			}
		},
		"repeat-string": {
			"version": "1.6.1",
			"resolved": "https://registry.npmjs.org/repeat-string/-/repeat-string-1.6.1.tgz",
			"integrity": "sha1-jcrkcOHIirwtYA//Sndihtp15jc="
		},
		"replace-ext": {
			"version": "1.0.0",
			"resolved": "https://registry.npmjs.org/replace-ext/-/replace-ext-1.0.0.tgz",
			"integrity": "sha1-3mMSg3P8v3w8z6TeWkgMRaZ5WOs="
		},
		"safer-buffer": {
			"version": "2.1.2",
			"resolved": "https://registry.npmjs.org/safer-buffer/-/safer-buffer-2.1.2.tgz",
			"integrity": "sha512-YZo3K82SD7Riyi0E1EQPojLz7kpepnSQI9IyPbHHg1XXXevb5dJI7tpyN2ADxGcQbHG7vcyRHk0cbwqcQriUtg=="
		},
		"setimmediate": {
			"version": "1.0.5",
			"resolved": "https://registry.npmjs.org/setimmediate/-/setimmediate-1.0.5.tgz",
			"integrity": "sha1-KQy7Iy4waULX1+qbg3Mqt4VvgoU="
		},
		"space-separated-tokens": {
			"version": "1.1.2",
			"resolved": "https://registry.npmjs.org/space-separated-tokens/-/space-separated-tokens-1.1.2.tgz",
			"integrity": "sha512-G3jprCEw+xFEs0ORweLmblJ3XLymGGr6hxZYTYZjIlvDti9vOBUjRQa1Rzjt012aRrocKstHwdNi+F7HguPsEA==",
			"requires": {
				"trim": "0.0.1"
			}
		},
		"trim": {
			"version": "0.0.1",
			"resolved": "https://registry.npmjs.org/trim/-/trim-0.0.1.tgz",
			"integrity": "sha1-WFhUf2spB1fulczMZm+1AITEYN0="
		},
		"trim-lines": {
			"version": "1.1.1",
			"resolved": "https://registry.npmjs.org/trim-lines/-/trim-lines-1.1.1.tgz",
			"integrity": "sha512-X+eloHbgJGxczUk1WSjIvn7aC9oN3jVE3rQfRVKcgpavi3jxtCn0VVKtjOBj64Yop96UYn/ujJRpTbCdAF1vyg=="
		},
		"trough": {
			"version": "1.0.2",
			"resolved": "https://registry.npmjs.org/trough/-/trough-1.0.2.tgz",
			"integrity": "sha512-FHkoUZvG6Egrv9XZAyYGKEyb1JMsFphgPjoczkZC2y6W93U1jswcVURB8MUvtsahEPEVACyxD47JAL63vF4JsQ=="
		},
		"ua-parser-js": {
			"version": "0.7.18",
			"resolved": "https://registry.npmjs.org/ua-parser-js/-/ua-parser-js-0.7.18.tgz",
			"integrity": "sha512-LtzwHlVHwFGTptfNSgezHp7WUlwiqb0gA9AALRbKaERfxwJoiX0A73QbTToxteIAuIaFshhgIZfqK8s7clqgnA=="
		},
		"unified": {
			"version": "6.2.0",
			"resolved": "https://registry.npmjs.org/unified/-/unified-6.2.0.tgz",
			"integrity": "sha512-1k+KPhlVtqmG99RaTbAv/usu85fcSRu3wY8X+vnsEhIxNP5VbVIDiXnLqyKIG+UMdyTg0ZX9EI6k2AfjJkHPtA==",
			"requires": {
				"bail": "^1.0.0",
				"extend": "^3.0.0",
				"is-plain-obj": "^1.1.0",
				"trough": "^1.0.0",
				"vfile": "^2.0.0",
				"x-is-string": "^0.1.0"
			}
		},
		"unist-builder": {
			"version": "1.0.2",
			"resolved": "https://registry.npmjs.org/unist-builder/-/unist-builder-1.0.2.tgz",
			"integrity": "sha1-jDuZA+9kvPsRfdfPal2Y/Bs7J7Y=",
			"requires": {
				"object-assign": "^4.1.0"
			}
		},
		"unist-util-filter": {
			"version": "0.2.1",
			"resolved": "https://registry.npmjs.org/unist-util-filter/-/unist-util-filter-0.2.1.tgz",
			"integrity": "sha1-4veHaCiQOmqTCONiBR+GsU81tUU=",
			"requires": {
				"flatmap": "0.0.3",
				"unist-util-is": "^1.0.0"
			},
			"dependencies": {
				"unist-util-is": {
					"version": "1.0.0",
					"resolved": "https://registry.npmjs.org/unist-util-is/-/unist-util-is-1.0.0.tgz",
					"integrity": "sha1-THs8XA9qqWNkAFb+Sve1/P27jvA="
				}
			}
		},
		"unist-util-generated": {
			"version": "1.1.2",
			"resolved": "https://registry.npmjs.org/unist-util-generated/-/unist-util-generated-1.1.2.tgz",
			"integrity": "sha512-1HcwiEO62dr0XWGT+abVK4f0aAm8Ik8N08c5nAYVmuSxfvpA9rCcNyX/le8xXj1pJK5nBrGlZefeWB6bN8Pstw=="
		},
		"unist-util-is": {
			"version": "2.1.2",
			"resolved": "https://registry.npmjs.org/unist-util-is/-/unist-util-is-2.1.2.tgz",
			"integrity": "sha512-YkXBK/H9raAmG7KXck+UUpnKiNmUdB+aBGrknfQ4EreE1banuzrKABx3jP6Z5Z3fMSPMQQmeXBlKpCbMwBkxVw=="
		},
		"unist-util-map": {
			"version": "1.0.4",
			"resolved": "https://registry.npmjs.org/unist-util-map/-/unist-util-map-1.0.4.tgz",
			"integrity": "sha512-Qv68pQz05hQbjPI+TubZQI5XII5DScRVWaKNc6+qfmHaFGxaGUbkV8i++mM2nk7XgwXE+vei99d/Q2d1tMA3EQ==",
			"requires": {
				"object-assign": "^4.0.1"
			}
		},
		"unist-util-position": {
			"version": "3.0.1",
			"resolved": "https://registry.npmjs.org/unist-util-position/-/unist-util-position-3.0.1.tgz",
			"integrity": "sha512-05QfJDPI7PE1BIUtAxeSV+cDx21xP7+tUZgSval5CA7tr0pHBwybF7OnEa1dOFqg6BfYH/qiMUnWwWj+Frhlww=="
		},
		"unist-util-stringify-position": {
			"version": "1.1.2",
			"resolved": "https://registry.npmjs.org/unist-util-stringify-position/-/unist-util-stringify-position-1.1.2.tgz",
			"integrity": "sha512-pNCVrk64LZv1kElr0N1wPiHEUoXNVFERp+mlTg/s9R5Lwg87f9bM/3sQB99w+N9D/qnM9ar3+AKDBwo/gm/iQQ=="
		},
		"unist-util-visit": {
			"version": "1.3.1",
			"resolved": "https://registry.npmjs.org/unist-util-visit/-/unist-util-visit-1.3.1.tgz",
			"integrity": "sha512-0fdB9EQJU0tho5tK0VzOJzAQpPv2LyLZ030b10GxuzAWEfvd54mpY7BMjQ1L69k2YNvL+SvxRzH0yUIehOO8aA==",
			"requires": {
				"unist-util-is": "^2.1.1"
			}
		},
		"vfile": {
			"version": "2.3.0",
			"resolved": "https://registry.npmjs.org/vfile/-/vfile-2.3.0.tgz",
			"integrity": "sha512-ASt4mBUHcTpMKD/l5Q+WJXNtshlWxOogYyGYYrg4lt/vuRjC1EFQtlAofL5VmtVNIZJzWYFJjzGWZ0Gw8pzW1w==",
			"requires": {
				"is-buffer": "^1.1.4",
				"replace-ext": "1.0.0",
				"unist-util-stringify-position": "^1.0.0",
				"vfile-message": "^1.0.0"
			}
		},
		"vfile-message": {
			"version": "1.0.1",
			"resolved": "https://registry.npmjs.org/vfile-message/-/vfile-message-1.0.1.tgz",
			"integrity": "sha512-vSGCkhNvJzO6VcWC6AlJW4NtYOVtS+RgCaqFIYUjoGIlHnFL+i0LbtYvonDWOMcB97uTPT4PRsyYY7REWC9vug==",
			"requires": {
				"unist-util-stringify-position": "^1.1.1"
			}
		},
		"whatwg-fetch": {
			"version": "2.0.4",
			"resolved": "https://registry.npmjs.org/whatwg-fetch/-/whatwg-fetch-2.0.4.tgz",
			"integrity": "sha512-dcQ1GWpOD/eEQ97k66aiEVpNnapVj90/+R+SXTPYGHpYBBypfKJEQjLrvMZ7YXbKm21gXd4NcuxUTjiv1YtLng=="
		},
		"x-is-string": {
			"version": "0.1.0",
			"resolved": "https://registry.npmjs.org/x-is-string/-/x-is-string-0.1.0.tgz",
			"integrity": "sha1-R0tQhlrzpJqcRlfwWs0UVFj3fYI="
		},
		"xtend": {
			"version": "4.0.1",
			"resolved": "https://registry.npmjs.org/xtend/-/xtend-4.0.1.tgz",
			"integrity": "sha1-pcbVMr5lbiPbgg77lDofBJmNY68="
		}
	}
}
